
Microsoft Visual Studio Solution File, Format Version 12.00
# Visual Studio 15
VisualStudioVersion = 15.0.28010.2048
MinimumVisualStudioVersion = 10.0.40219.1
Project("{8BC9CEB8-8B4A-11D0-8D11-00A0C91BC942}") = "QtBgMatt", "QtBgMatt\QtBgMatt.vcxproj", "{4B153E8D-D49A-4489-B4CA-8FC5E5EEBF7E}"
EndProject
Global
	GlobalSection(SolutionConfigurationPlatforms) = preSolution
		Debug|x64 = Debug|x64
		Release|x64 = Release|x64
	EndGlobalSection
	GlobalSection(ProjectConfigurationPlatforms) = postSolution
		{4B153E8D-D49A-4489-B4CA-8FC5E5EEBF7E}.Debug|x64.ActiveCfg = Debug|x64
		{4B153E8D-D49A-4489-B4CA-8FC5E5EEBF7E}.Debug|x64.Build.0 = Debug|x64
		{4B153E8D-D49A-4489-B4CA-8FC5E5EEBF7E}.Release|x64.ActiveCfg = Release|x64
		{4B153E8D-D49A-4489-B4CA-8FC5E5EEBF7E}.Release|x64.Build.0 = Release|x64
	EndGlobalSection
	GlobalSection(SolutionProperties) = preSolution
		HideSolutionNode = FALSE
	EndGlobalSection
	GlobalSection(ExtensibilityGlobals) = postSolution
		SolutionGuid = {4E1F3FEC-C566-4043-B570-7A5C92E4557B}
	EndGlobalSection
EndGlobal
